// !$*UTF8*$!
{
	archiveVersion = 1;
	classes = {
	};
	objectVersion = 50;
	objects = {

/* Begin PBXBuildFile section */
		D71889A02331058200C5EE3B /* AppDelegate.m in Sources */ = {isa = PBXBuildFile; fileRef = D718899F2331058200C5EE3B /* AppDelegate.m */; };
		D71889A32331058200C5EE3B /* ViewController.m in Sources */ = {isa = PBXBuildFile; fileRef = D71889A22331058200C5EE3B /* ViewController.m */; };
		D71889A62331058200C5EE3B /* Main.storyboard in Resources */ = {isa = PBXBuildFile; fileRef = D71889A42331058200C5EE3B /* Main.storyboard */; };
		D71889A82331058400C5EE3B /* Assets.xcassets in Resources */ = {isa = PBXBuildFile; fileRef = D71889A72331058400C5EE3B /* Assets.xcassets */; };
		D71889AB2331058400C5EE3B /* LaunchScreen.storyboard in Resources */ = {isa = PBXBuildFile; fileRef = D71889A92331058400C5EE3B /* LaunchScreen.storyboard */; };
		D71889AE2331058400C5EE3B /* main.m in Sources */ = {isa = PBXBuildFile; fileRef = D71889AD2331058400C5EE3B /* main.m */; };
		D71889B82331058400C5EE3B /* TP1Tests.m in Sources */ = {isa = PBXBuildFile; fileRef = D71889B72331058400C5EE3B /* TP1Tests.m */; };
		D71889C32331058400C5EE3B /* TP1UITests.m in Sources */ = {isa = PBXBuildFile; fileRef = D71889C22331058400C5EE3B /* TP1UITests.m */; };
/* End PBXBuildFile section */

/* Begin PBXContainerItemProxy section */
		D71889B42331058400C5EE3B /* PBXContainerItemProxy */ = {
			isa = PBXContainerItemProxy;
			containerPortal = D71889932331058100C5EE3B /* Project object */;
			proxyType = 1;
			remoteGlobalIDString = D718899A2331058200C5EE3B;
			remoteInfo = TP1;
		};
		D71889BF2331058400C5EE3B /* PBXContainerItemProxy */ = {
			isa = PBXContainerItemProxy;
			containerPortal = D71889932331058100C5EE3B /* Project object */;
			proxyType = 1;
			remoteGlobalIDString = D718899A2331058200C5EE3B;
			remoteInfo = TP1;
		};
/* End PBXContainerItemProxy section */

/* Begin PBXFileReference section */
		D718899B2331058200C5EE3B /* TP1.app */ = {isa = PBXFileReference; explicitFileType = wrapper.application; includeInIndex = 0; path = TP1.app; sourceTree = BUILT_PRODUCTS_DIR; };
		D718899E2331058200C5EE3B /* AppDelegate.h */ = {isa = PBXFileReference; lastKnownFileType = sourcecode.c.h; path = AppDelegate.h; sourceTree = "<group>"; };
		D718899F2331058200C5EE3B /* AppDelegate.m */ = {isa = PBXFileReference; lastKnownFileType = sourcecode.c.objc; path = AppDelegate.m; sourceTree = "<group>"; };
		D71889A12331058200C5EE3B /* ViewController.h */ = {isa = PBXFileReference; lastKnownFileType = sourcecode.c.h; path = ViewController.h; sourceTree = "<group>"; };
		D71889A22331058200C5EE3B /* ViewController.m */ = {isa = PBXFileReference; lastKnownFileType = sourcecode.c.objc; path = ViewController.m; sourceTree = "<group>"; };
		D71889A52331058200C5EE3B /* Base */ = {isa = PBXFileReference; lastKnownFileType = file.storyboard; name = Base; path = Base.lproj/Main.storyboard; sourceTree = "<group>"; };
		D71889A72331058400C5EE3B /* Assets.xcassets */ = {isa = PBXFileReference; lastKnownFileType = folder.assetcatalog; path = Assets.xcassets; sourceTree = "<group>"; };
		D71889AA2331058400C5EE3B /* Base */ = {isa = PBXFileReference; lastKnownFileType = file.storyboard; name = Base; path = Base.lproj/LaunchScreen.storyboard; sourceTree = "<group>"; };
		D71889AC2331058400C5EE3B /* Info.plist */ = {isa = PBXFileReference; lastKnownFileType = text.plist.xml; path = Info.plist; sourceTree = "<group>"; };
		D71889AD2331058400C5EE3B /* main.m */ = {isa = PBXFileReference; lastKnownFileType = sourcecode.c.objc; path = main.m; sourceTree = "<group>"; };
		D71889B32331058400C5EE3B /* TP1Tests.xctest */ = {isa = PBXFileReference; explicitFileType = wrapper.cfbundle; includeInIndex = 0; path = TP1Tests.xctest; sourceTree = BUILT_PRODUCTS_DIR; };
		D71889B72331058400C5EE3B /* TP1Tests.m */ = {isa = PBXFileReference; lastKnownFileType = sourcecode.c.objc; path = TP1Tests.m; sourceTree = "<group>"; };
		D71889B92331058400C5EE3B /* Info.plist */ = {isa = PBXFileReference; lastKnownFileType = text.plist.xml; path = Info.plist; sourceTree = "<group>"; };
		D71889BE2331058400C5EE3B /* TP1UITests.xctest */ = {isa = PBXFileReference; explicitFileType = wrapper.cfbundle; includeInIndex = 0; path = TP1UITests.xctest; sourceTree = BUILT_PRODUCTS_DIR; };
		D71889C22331058400C5EE3B /* TP1UITests.m */ = {isa = PBXFileReference; lastKnownFileType = sourcecode.c.objc; path = TP1UITests.m; sourceTree = "<group>"; };
		D71889C42331058400C5EE3B /* Info.plist */ = {isa = PBXFileReference; lastKnownFileType = text.plist.xml; path = Info.plist; sourceTree = "<group>"; };
/* End PBXFileReference section */

/* Begin PBXFrameworksBuildPhase section */
		D71889982331058200C5EE3B /* Frameworks */ = {
			isa = PBXFrameworksBuildPhase;
			buildActionMask = 2147483647;
			files = (
			);
			runOnlyForDeploymentPostprocessing = 0;
		};
		D71889B02331058400C5EE3B /* Frameworks */ = {
			isa = PBXFrameworksBuildPhase;
			buildActionMask = 2147483647;
			files = (
			);
			runOnlyForDeploymentPostprocessing = 0;
		};
		D71889BB2331058400C5EE3B /* Frameworks */ = {
			isa = PBXFrameworksBuildPhase;
			buildActionMask = 2147483647;
			files = (
			);
			runOnlyForDeploymentPostprocessing = 0;
		};
/* End PBXFrameworksBuildPhase section */

/* Begin PBXGroup section */
		D71889922331058100C5EE3B = {
			isa = PBXGroup;
			children = (
				D718899D2331058200C5EE3B /* TP1 */,
				D71889B62331058400C5EE3B /* TP1Tests */,
				D71889C12331058400C5EE3B /* TP1UITests */,
				D718899C2331058200C5EE3B /* Products */,
			);
			sourceTree = "<group>";
		};
		D718899C2331058200C5EE3B /* Products */ = {
			isa = PBXGroup;
			children = (
				D718899B2331058200C5EE3B /* TP1.app */,
				D71889B32331058400C5EE3B /* TP1Tests.xctest */,
				D71889BE2331058400C5EE3B /* TP1UITests.xctest */,
			);
			name = Products;
			sourceTree = "<group>";
		};
		D718899D2331058200C5EE3B /* TP1 */ = {
			isa = PBXGroup;
			children = (
				D718899E2331058200C5EE3B /* AppDelegate.h */,
				D718899F2331058200C5EE3B /* AppDelegate.m */,
				D71889A12331058200C5EE3B /* ViewController.h */,
				D71889A22331058200C5EE3B /* ViewController.m */,
				D71889A42331058200C5EE3B /* Main.storyboard */,
				D71889A72331058400C5EE3B /* Assets.xcassets */,
				D71889A92331058400C5EE3B /* LaunchScreen.storyboard */,
				D71889AC2331058400C5EE3B /* Info.plist */,
				D71889AD2331058400C5EE3B /* main.m */,
			);
			path = TP1;
			sourceTree = "<group>";
		};
		D71889B62331058400C5EE3B /* TP1Tests */ = {
			isa = PBXGroup;
			children = (
				D71889B72331058400C5EE3B /* TP1Tests.m */,
				D71889B92331058400C5EE3B /* Info.plist */,
			);
			path = TP1Tests;
			sourceTree = "<group>";
		};
		D71889C12331058400C5EE3B /* TP1UITests */ = {
			isa = PBXGroup;
			children = (
				D71889C22331058400C5EE3B /* TP1UITests.m */,
				D71889C42331058400C5EE3B /* Info.plist */,
			);
			path = TP1UITests;
			sourceTree = "<group>";
		};
/* End PBXGroup section */

/* Begin PBXNativeTarget section */
		D718899A2331058200C5EE3B /* TP1 */ = {
			isa = PBXNativeTarget;
			buildConfigurationList = D71889C72331058500C5EE3B /* Build configuration list for PBXNativeTarget "TP1" */;
			buildPhases = (
				D71889972331058200C5EE3B /* Sources */,
				D71889982331058200C5EE3B /* Frameworks */,
				D71889992331058200C5EE3B /* Resources */,
			);
			buildRules = (
			);
			dependencies = (
			);
			name = TP1;
			productName = TP1;
			productReference = D718899B2331058200C5EE3B /* TP1.app */;
			productType = "com.apple.product-type.application";
		};
		D71889B22331058400C5EE3B /* TP1Tests */ = {
			isa = PBXNativeTarget;
			buildConfigurationList = D71889CA2331058500C5EE3B /* Build configuration list for PBXNativeTarget "TP1Tests" */;
			buildPhases = (
				D71889AF2331058400C5EE3B /* Sources */,
				D71889B02331058400C5EE3B /* Frameworks */,
				D71889B12331058400C5EE3B /* Resources */,
			);
			buildRules = (
			);
			dependencies = (
				D71889B52331058400C5EE3B /* PBXTargetDependency */,
			);
			name = TP1Tests;
			productName = TP1Tests;
			productReference = D71889B32331058400C5EE3B /* TP1Tests.xctest */;
			productType = "com.apple.product-type.bundle.unit-test";
		};
		D71889BD2331058400C5EE3B /* TP1UITests */ = {
			isa = PBXNativeTarget;
			buildConfigurationList = D71889CD2331058500C5EE3B /* Build configuration list for PBXNativeTarget "TP1UITests" */;
			buildPhases = (
				D71889BA2331058400C5EE3B /* Sources */,
				D71889BB2331058400C5EE3B /* Frameworks */,
				D71889BC2331058400C5EE3B /* Resources */,
			);
			buildRules = (
			);
			dependencies = (
				D71889C02331058400C5EE3B /* PBXTargetDependency */,
			);
			name = TP1UITests;
			productName = TP1UITests;
			productReference = D71889BE2331058400C5EE3B /* TP1UITests.xctest */;
			productType = "com.apple.product-type.bundle.ui-testing";
		};
/* End PBXNativeTarget section */

/* Begin PBXProject section */
		D71889932331058100C5EE3B /* Project object */ = {
			isa = PBXProject;
			attributes = {
				LastUpgradeCheck = 0940;
				ORGANIZATIONNAME = "Ariful Islam";
				TargetAttributes = {
					D718899A2331058200C5EE3B = {
						CreatedOnToolsVersion = 9.4.1;
					};
					D71889B22331058400C5EE3B = {
						CreatedOnToolsVersion = 9.4.1;
						TestTargetID = D718899A2331058200C5EE3B;
					};
					D71889BD2331058400C5EE3B = {
						CreatedOnToolsVersion = 9.4.1;
						TestTargetID = D718899A2331058200C5EE3B;
					};
				};
			};
			buildConfigurationList = D71889962331058100C5EE3B /* Build configuration list for PBXProject "TP1" */;
			compatibilityVersion = "Xcode 9.3";
			developmentRegion = en;
			hasScannedForEncodings = 0;
			knownRegions = (
				en,
				Base,
			);
			mainGroup = D71889922331058100C5EE3B;
			productRefGroup = D718899C2331058200C5EE3B /* Products */;
			projectDirPath = "";
			projectRoot = "";
			targets = (
				D718899A2331058200C5EE3B /* TP1 */,
				D71889B22331058400C5EE3B /* TP1Tests */,
				D71889BD2331058400C5EE3B /* TP1UITests */,
			);
		};
/* End PBXProject section */

/* Begin PBXResourcesBuildPhase section */
		D71889992331058200C5EE3B /* Resources */ = {
			isa = PBXResourcesBuildPhase;
			buildActionMask = 2147483647;
			files = (
				D71889AB2331058400C5EE3B /* LaunchScreen.storyboard in Resources */,
				D71889A82331058400C5EE3B /* Assets.xcassets in Resources */,
				D71889A62331058200C5EE3B /* Main.storyboard in Resources */,
			);
			runOnlyForDeploymentPostprocessing = 0;
		};
		D71889B12331058400C5EE3B /* Resources */ = {
			isa = PBXResourcesBuildPhase;
			buildActionMask = 2147483647;
			files = (
			);
			runOnlyForDeploymentPostprocessing = 0;
		};
		D71889BC2331058400C5EE3B /* Resources */ = {
			isa = PBXResourcesBuildPhase;
			buildActionMask = 2147483647;
			files = (
			);
			runOnlyForDeploymentPostprocessing = 0;
		};
/* End PBXResourcesBuildPhase section */

/* Begin PBXSourcesBuildPhase section */
		D71889972331058200C5EE3B /* Sources */ = {
			isa = PBXSourcesBuildPhase;
			buildActionMask = 2147483647;
			files = (
				D71889A32331058200C5EE3B /* ViewController.m in Sources */,
				D71889AE2331058400C5EE3B /* main.m in Sources */,
				D71889A02331058200C5EE3B /* AppDelegate.m in Sources */,
			);
			runOnlyForDeploymentPostprocessing = 0;
		};
		D71889AF2331058400C5EE3B /* Sources */ = {
			isa = PBXSourcesBuildPhase;
			buildActionMask = 2147483647;
			files = (
				D71889B82331058400C5EE3B /* TP1Tests.m in Sources */,
			);
			runOnlyForDeploymentPostprocessing = 0;
		};
		D71889BA2331058400C5EE3B /* Sources */ = {
			isa = PBXSourcesBuildPhase;
			buildActionMask = 2147483647;
			files = (
				D71889C32331058400C5EE3B /* TP1UITests.m in Sources */,
			);
			runOnlyForDeploymentPostprocessing = 0;
		};
/* End PBXSourcesBuildPhase section */

/* Begin PBXTargetDependency section */
		D71889B52331058400C5EE3B /* PBXTargetDependency */ = {
			isa = PBXTargetDependency;
			target = D718899A2331058200C5EE3B /* TP1 */;
			targetProxy = D71889B42331058400C5EE3B /* PBXContainerItemProxy */;
		};
		D71889C02331058400C5EE3B /* PBXTargetDependency */ = {
			isa = PBXTargetDependency;
			target = D718899A2331058200C5EE3B /* TP1 */;
			targetProxy = D71889BF2331058400C5EE3B /* PBXContainerItemProxy */;
		};
/* End PBXTargetDependency section */

/* Begin PBXVariantGroup section */
		D71889A42331058200C5EE3B /* Main.storyboard */ = {
			isa = PBXVariantGroup;
			children = (
				D71889A52331058200C5EE3B /* Base */,
			);
			name = Main.storyboard;
			sourceTree = "<group>";
		};
		D71889A92331058400C5EE3B /* LaunchScreen.storyboard */ = {
			isa = PBXVariantGroup;
			children = (
				D71889AA2331058400C5EE3B /* Base */,
			);
			name = LaunchScreen.storyboard;
			sourceTree = "<group>";
		};
/* End PBXVariantGroup section */

/* Begin XCBuildConfiguration section */
		D71889C52331058400C5EE3B /* Debug */ = {
			isa = XCBuildConfiguration;
			buildSettings = {
				ALWAYS_SEARCH_USER_PATHS = NO;
				CLANG_ANALYZER_NONNULL = YES;
				CLANG_ANALYZER_NUMBER_OBJECT_CONVERSION = YES_AGGRESSIVE;
				CLANG_CXX_LANGUAGE_STANDARD = "gnu++14";
				CLANG_CXX_LIBRARY = "libc++";
				CLANG_ENABLE_MODULES = YES;
				CLANG_ENABLE_OBJC_ARC = YES;
				CLANG_ENABLE_OBJC_WEAK = YES;
				CLANG_WARN_BLOCK_CAPTURE_AUTORELEASING = YES;
				CLANG_WARN_BOOL_CONVERSION = YES;
				CLANG_WARN_COMMA = YES;
				CLANG_WARN_CONSTANT_CONVERSION = YES;
				CLANG_WARN_DEPRECATED_OBJC_IMPLEMENTATIONS = YES;
				CLANG_WARN_DIRECT_OBJC_ISA_USAGE = YES_ERROR;
				CLANG_WARN_DOCUMENTATION_COMMENTS = YES;
				CLANG_WARN_EMPTY_BODY = YES;
				CLANG_WARN_ENUM_CONVERSION = YES;
				CLANG_WARN_INFINITE_RECURSION = YES;
				CLANG_WARN_INT_CONVERSION = YES;
				CLANG_WARN_NON_LITERAL_NULL_CONVERSION = YES;
				CLANG_WARN_OBJC_IMPLICIT_RETAIN_SELF = YES;
				CLANG_WARN_OBJC_LITERAL_CONVERSION = YES;
				CLANG_WARN_OBJC_ROOT_CLASS = YES_ERROR;
				CLANG_WARN_RANGE_LOOP_ANALYSIS = YES;
				CLANG_WARN_STRICT_PROTOTYPES = YES;
				CLANG_WARN_SUSPICIOUS_MOVE = YES;
				CLANG_WARN_UNGUARDED_AVAILABILITY = YES_AGGRESSIVE;
				CLANG_WARN_UNREACHABLE_CODE = YES;
				CLANG_WARN__DUPLICATE_METHOD_MATCH = YES;
				CODE_SIGN_IDENTITY = "iPhone Developer";
				COPY_PHASE_STRIP = NO;
				DEBUG_INFORMATION_FORMAT = dwarf;
				ENABLE_STRICT_OBJC_MSGSEND = YES;
				ENABLE_TESTABILITY = YES;
				GCC_C_LANGUAGE_STANDARD = gnu11;
				GCC_DYNAMIC_NO_PIC = NO;
				GCC_NO_COMMON_BLOCKS = YES;
				GCC_OPTIMIZATION_LEVEL = 0;
				GCC_PREPROCESSOR_DEFINITIONS = (
					"DEBUG=1",
					"$(inherited)",
				);
				GCC_WARN_64_TO_32_BIT_CONVERSION = YES;
				GCC_WARN_ABOUT_RETURN_TYPE = YES_ERROR;
				GCC_WARN_UNDECLARED_SELECTOR = YES;
				GCC_WARN_UNINITIALIZED_AUTOS = YES_AGGRESSIVE;
				GCC_WARN_UNUSED_FUNCTION = YES;
				GCC_WARN_UNUSED_VARIABLE = YES;
				IPHONEOS_DEPLOYMENT_TARGET = 11.4;
				MTL_ENABLE_DEBUG_INFO = YES;
				ONLY_ACTIVE_ARCH = YES;
				SDKROOT = iphoneos;
			};
			name = Debug;
		};
		D71889C62331058400C5EE3B /* Release */ = {
			isa = XCBuildConfiguration;
			buildSettings = {
				ALWAYS_SEARCH_USER_PATHS = NO;
				CLANG_ANALYZER_NONNULL = YES;
				CLANG_ANALYZER_NUMBER_OBJECT_CONVERSION = YES_AGGRESSIVE;
				CLANG_CXX_LANGUAGE_STANDARD = "gnu++14";
				CLANG_CXX_LIBRARY = "libc++";
				CLANG_ENABLE_MODULES = YES;
				CLANG_ENABLE_OBJC_ARC = YES;
				CLANG_ENABLE_OBJC_WEAK = YES;
				CLANG_WARN_BLOCK_CAPTURE_AUTORELEASING = YES;
				CLANG_WARN_BOOL_CONVERSION = YES;
				CLANG_WARN_COMMA = YES;
				CLANG_WARN_CONSTANT_CONVERSION = YES;
				CLANG_WARN_DEPRECATED_OBJC_IMPLEMENTATIONS = YES;
				CLANG_WARN_DIRECT_OBJC_ISA_USAGE = YES_ERROR;
				CLANG_WARN_DOCUMENTATION_COMMENTS = YES;
				CLANG_WARN_EMPTY_BODY = YES;
				CLANG_WARN_ENUM_CONVERSION = YES;
				CLANG_WARN_INFINITE_RECURSION = YES;
				CLANG_WARN_INT_CONVERSION = YES;
				CLANG_WARN_NON_LITERAL_NULL_CONVERSION = YES;
				CLANG_WARN_OBJC_IMPLICIT_RETAIN_SELF = YES;
				CLANG_WARN_OBJC_LITERAL_CONVERSION = YES;
				CLANG_WARN_OBJC_ROOT_CLASS = YES_ERROR;
				CLANG_WARN_RANGE_LOOP_ANALYSIS = YES;
				CLANG_WARN_STRICT_PROTOTYPES = YES;
				CLANG_WARN_SUSPICIOUS_MOVE = YES;
				CLANG_WARN_UNGUARDED_AVAILABILITY = YES_AGGRESSIVE;
				CLANG_WARN_UNREACHABLE_CODE = YES;
				CLANG_WARN__DUPLICATE_METHOD_MATCH = YES;
				CODE_SIGN_IDENTITY = "iPhone Developer";
				COPY_PHASE_STRIP = NO;
				DEBUG_INFORMATION_FORMAT = "dwarf-with-dsym";
				ENABLE_NS_ASSERTIONS = NO;
				ENABLE_STRICT_OBJC_MSGSEND = YES;
				GCC_C_LANGUAGE_STANDARD = gnu11;
				GCC_NO_COMMON_BLOCKS = YES;
				GCC_WARN_64_TO_32_BIT_CONVERSION = YES;
				GCC_WARN_ABOUT_RETURN_TYPE = YES_ERROR;
				GCC_WARN_UNDECLARED_SELECTOR = YES;
				GCC_WARN_UNINITIALIZED_AUTOS = YES_AGGRESSIVE;
				GCC_WARN_UNUSED_FUNCTION = YES;
				GCC_WARN_UNUSED_VARIABLE = YES;
				IPHONEOS_DEPLOYMENT_TARGET = 11.4;
				MTL_ENABLE_DEBUG_INFO = NO;
				SDKROOT = iphoneos;
				VALIDATE_PRODUCT = YES;
			};
			name = Release;
		};
		D71889C82331058500C5EE3B /* Debug */ = {
			isa = XCBuildConfiguration;
			buildSettings = {
				ASSETCATALOG_COMPILER_APPICON_NAME = AppIcon;
				CODE_SIGN_STYLE = Automatic;
				DEVELOPMENT_TEAM = PVG2P54RMR;
				INFOPLIST_FILE = TP1/Info.plist;
				LD_RUNPATH_SEARCH_PATHS = (
					"$(inherited)",
					"@executable_path/Frameworks",
				);
				PRODUCT_BUNDLE_IDENTIFIER = parsonal.TP1;
				PRODUCT_NAME = "$(TARGET_NAME)";
				TARGETED_DEVICE_FAMILY = "1,2";
			};
			name = Debug;
		};
		D71889C92331058500C5EE3B /* Release */ = {
			isa = XCBuildConfiguration;
			buildSettings = {
				ASSETCATALOG_COMPILER_APPICON_NAME = AppIcon;
				CODE_SIGN_STYLE = Automatic;
				DEVELOPMENT_TEAM = PVG2P54RMR;
				INFOPLIST_FILE = TP1/Info.plist;
				LD_RUNPATH_SEARCH_PATHS = (
					"$(inherited)",
					"@executable_path/Frameworks",
				);
				PRODUCT_BUNDLE_IDENTIFIER = parsonal.TP1;
				PRODUCT_NAME = "$(TARGET_NAME)";
				TARGETED_DEVICE_FAMILY = "1,2";
			};
			name = Release;
		};
		D71889CB2331058500C5EE3B /* Debug */ = {
			isa = XCBuildConfiguration;
			buildSettings = {
				BUNDLE_LOADER = "$(TEST_HOST)";
				CODE_SIGN_STYLE = Automatic;
				DEVELOPMENT_TEAM = PVG2P54RMR;
				INFOPLIST_FILE = TP1Tests/Info.plist;
				LD_RUNPATH_SEARCH_PATHS = (
					"$(inherited)",
					"@executable_path/Frameworks",
					"@loader_path/Frameworks",
				);
				PRODUCT_BUNDLE_IDENTIFIER = parsonal.TP1Tests;
				PRODUCT_NAME = "$(TARGET_NAME)";
				TARGETED_DEVICE_FAMILY = "1,2";
				TEST_HOST = "$(BUILT_PRODUCTS_DIR)/TP1.app/TP1";
			};
			name = Debug;
		};
		D71889CC2331058500C5EE3B /* Release */ = {
			isa = XCBuildConfiguration;
			buildSettings = {
				BUNDLE_LOADER = "$(TEST_HOST)";
				CODE_SIGN_STYLE = Automatic;
				DEVELOPMENT_TEAM = PVG2P54RMR;
				INFOPLIST_FILE = TP1Tests/Info.plist;
				LD_RUNPATH_SEARCH_PATHS = (
					"$(inherited)",
					"@executable_path/Frameworks",
					"@loader_path/Frameworks",
				);
				PRODUCT_BUNDLE_IDENTIFIER = parsonal.TP1Tests;
				PRODUCT_NAME = "$(TARGET_NAME)";
				TARGETED_DEVICE_FAMILY = "1,2";
				TEST_HOST = "$(BUILT_PRODUCTS_DIR)/TP1.app/TP1";
			};
			name = Release;
		};
		D71889CE2331058500C5EE3B /* Debug */ = {
			isa = XCBuildConfiguration;
			buildSettings = {
				CODE_SIGN_STYLE = Automatic;
				DEVELOPMENT_TEAM = PVG2P54RMR;
				INFOPLIST_FILE = TP1UITests/Info.plist;
				LD_RUNPATH_SEARCH_PATHS = (
					"$(inherited)",
					"@executable_path/Frameworks",
					"@loader_path/Frameworks",
				);
				PRODUCT_BUNDLE_IDENTIFIER = parsonal.TP1UITests;
				PRODUCT_NAME = "$(TARGET_NAME)";
				TARGETED_DEVICE_FAMILY = "1,2";
				TEST_TARGET_NAME = TP1;
			};
			name = Debug;
		};
		D71889CF2331058500C5EE3B /* Release */ = {
			isa = XCBuildConfiguration;
			buildSettings = {
				CODE_SIGN_STYLE = Automatic;
				DEVELOPMENT_TEAM = PVG2P54RMR;
				INFOPLIST_FILE = TP1UITests/Info.plist;
				LD_RUNPATH_SEARCH_PATHS = (
					"$(inherited)",
					"@executable_path/Frameworks",
					"@loader_path/Frameworks",
				);
				PRODUCT_BUNDLE_IDENTIFIER = parsonal.TP1UITests;
				PRODUCT_NAME = "$(TARGET_NAME)";
				TARGETED_DEVICE_FAMILY = "1,2";
				TEST_TARGET_NAME = TP1;
			};
			name = Release;
		};
/* End XCBuildConfiguration section */

/* Begin XCConfigurationList section */
		D71889962331058100C5EE3B /* Build configuration list for PBXProject "TP1" */ = {
			isa = XCConfigurationList;
			buildConfigurations = (
				D71889C52331058400C5EE3B /* Debug */,
				D71889C62331058400C5EE3B /* Release */,
			);
			defaultConfigurationIsVisible = 0;
			defaultConfigurationName = Release;
		};
		D71889C72331058500C5EE3B /* Build configuration list for PBXNativeTarget "TP1" */ = {
			isa = XCConfigurationList;
			buildConfigurations = (
				D71889C82331058500C5EE3B /* Debug */,
				D71889C92331058500C5EE3B /* Release */,
			);
			defaultConfigurationIsVisible = 0;
			defaultConfigurationName = Release;
		};
		D71889CA2331058500C5EE3B /* Build configuration list for PBXNativeTarget "TP1Tests" */ = {
			isa = XCConfigurationList;
			buildConfigurations = (
				D71889CB2331058500C5EE3B /* Debug */,
				D71889CC2331058500C5EE3B /* Release */,
			);
			defaultConfigurationIsVisible = 0;
			defaultConfigurationName = Release;
		};
		D71889CD2331058500C5EE3B /* Build configuration list for PBXNativeTarget "TP1UITests" */ = {
			isa = XCConfigurationList;
			buildConfigurations = (
				D71889CE2331058500C5EE3B /* Debug */,
				D71889CF2331058500C5EE3B /* Release */,
			);
			defaultConfigurationIsVisible = 0;
			defaultConfigurationName = Release;
		};
/* End XCConfigurationList section */
	};
	rootObject = D71889932331058100C5EE3B /* Project object */;
}
